
Microsoft Visual Studio Solution File, Format Version 12.00
# Visual Studio 2013
VisualStudioVersion = 12.0.40629.0
MinimumVisualStudioVersion = 10.0.40219.1
Project("{FAE04EC0-301F-11D3-BF4B-00C04F79EFBC}") = "SortedDictionaryTask", "SortedDictionaryTask\SortedDictionaryTask.csproj", "{623DCABE-2803-4E1A-ABF4-3CF9E9598CA6}"
EndProject
Project("{FAE04EC0-301F-11D3-BF4B-00C04F79EFBC}") = "OrderedMultiDictionaryTask", "OrderedMultiDictionaryTask\OrderedMultiDictionaryTask.csproj", "{AC45788B-A48D-44FB-9121-728D135C3EC9}"
EndProject
Global
	GlobalSection(SolutionConfigurationPlatforms) = preSolution
		Debug|Any CPU = Debug|Any CPU
		Release|Any CPU = Release|Any CPU
	EndGlobalSection
	GlobalSection(ProjectConfigurationPlatforms) = postSolution
		{623DCABE-2803-4E1A-ABF4-3CF9E9598CA6}.Debug|Any CPU.ActiveCfg = Debug|Any CPU
		{623DCABE-2803-4E1A-ABF4-3CF9E9598CA6}.Debug|Any CPU.Build.0 = Debug|Any CPU
		{623DCABE-2803-4E1A-ABF4-3CF9E9598CA6}.Release|Any CPU.ActiveCfg = Release|Any CPU
		{623DCABE-2803-4E1A-ABF4-3CF9E9598CA6}.Release|Any CPU.Build.0 = Release|Any CPU
		{AC45788B-A48D-44FB-9121-728D135C3EC9}.Debug|Any CPU.ActiveCfg = Debug|Any CPU
		{AC45788B-A48D-44FB-9121-728D135C3EC9}.Debug|Any CPU.Build.0 = Debug|Any CPU
		{AC45788B-A48D-44FB-9121-728D135C3EC9}.Release|Any CPU.ActiveCfg = Release|Any CPU
		{AC45788B-A48D-44FB-9121-728D135C3EC9}.Release|Any CPU.Build.0 = Release|Any CPU
	EndGlobalSection
	GlobalSection(SolutionProperties) = preSolution
		HideSolutionNode = FALSE
	EndGlobalSection
EndGlobal
