
Microsoft Visual Studio Solution File, Format Version 12.00
# Visual Studio 2013
VisualStudioVersion = 12.0.31101.0
MinimumVisualStudioVersion = 10.0.40219.1
Project("{FAE04EC0-301F-11D3-BF4B-00C04F79EFBC}") = "Enigmation", "Enigmation\Enigmation.csproj", "{1A83A989-BB4E-4A83-A235-5D9544EC01B4}"
EndProject
Project("{FAE04EC0-301F-11D3-BF4B-00C04F79EFBC}") = "AstrologicalDigits", "AstrologicalDigits\AstrologicalDigits.csproj", "{E4173354-D2DB-48F1-BE28-AB4A51FD1633}"
EndProject
Project("{FAE04EC0-301F-11D3-BF4B-00C04F79EFBC}") = "BinaryDigitsCount", "BinaryDigitsCount\BinaryDigitsCount.csproj", "{6396DAC3-B228-426C-BD6D-68F5236A2DC9}"
EndProject
Project("{FAE04EC0-301F-11D3-BF4B-00C04F79EFBC}") = "CardWars", "CardWars\CardWars.csproj", "{BDDC7B1A-B0AE-477C-A555-CF81072DF383}"
EndProject
Project("{FAE04EC0-301F-11D3-BF4B-00C04F79EFBC}") = "CartesianCoordinateSystem", "CartesianCoordinateSystem\CartesianCoordinateSystem.csproj", "{0FD493A3-BBDB-4B11-9D76-9002220F8F79}"
EndProject
Project("{FAE04EC0-301F-11D3-BF4B-00C04F79EFBC}") = "DancingBits", "DancingBits\DancingBits.csproj", "{D24E7722-FC9A-4DA4-B2B2-2315276FD167}"
EndProject
Project("{FAE04EC0-301F-11D3-BF4B-00C04F79EFBC}") = "DecimalToBinary", "DecimalToBinary\DecimalToBinary.csproj", "{A58F5B89-ED30-4C58-B1D2-EC1607AA31DF}"
EndProject
Project("{FAE04EC0-301F-11D3-BF4B-00C04F79EFBC}") = "DrunkenNumbers", "DrunkenNumbers\DrunkenNumbers.csproj", "{06D4CCA7-E1E9-4EDB-B406-6EC97733760B}"
EndProject
Project("{FAE04EC0-301F-11D3-BF4B-00C04F79EFBC}") = "ElementsInLine", "ElementsInLine\ElementsInLine.csproj", "{DD8F1D38-BE45-467F-A6BA-7155F9E5A4A9}"
EndProject
Project("{FAE04EC0-301F-11D3-BF4B-00C04F79EFBC}") = "FighterAttack", "FighterAttack\FighterAttack.csproj", "{09C0B1F9-C8E4-4ADF-ADC4-963AAF4E7011}"
EndProject
Project("{FAE04EC0-301F-11D3-BF4B-00C04F79EFBC}") = "FirTree", "FirTree\FirTree.csproj", "{77EBE7A7-FB2F-419D-A730-F6856FD81840}"
EndProject
Project("{FAE04EC0-301F-11D3-BF4B-00C04F79EFBC}") = "ForestRoad", "ForestRoad\ForestRoad.csproj", "{7E90108C-5300-49B9-957A-6ABD35993BEB}"
EndProject
Project("{FAE04EC0-301F-11D3-BF4B-00C04F79EFBC}") = "IntroCSharp", "IntroCSharp\IntroCSharp.csproj", "{D2208A3D-20E7-4BFB-A533-CF72FB58F45D}"
EndProject
Project("{FAE04EC0-301F-11D3-BF4B-00C04F79EFBC}") = "MasivCompare", "MasivCompare\MasivCompare.csproj", "{287A6E92-02C6-4FA1-B201-A87C600AAF01}"
EndProject
Project("{FAE04EC0-301F-11D3-BF4B-00C04F79EFBC}") = "MathExpression", "MathExpression\MathExpression.csproj", "{1703AF70-A9FC-4342-B270-A49CC19CD680}"
EndProject
Project("{FAE04EC0-301F-11D3-BF4B-00C04F79EFBC}") = "MissCat", "MissCat\MissCat.csproj", "{5E13C032-195A-48B0-AFBA-4BA4AC9125D3}"
EndProject
Project("{FAE04EC0-301F-11D3-BF4B-00C04F79EFBC}") = "MissCat2", "MissCat2\MissCat2.csproj", "{3AA59737-D0CA-4318-B255-52C5BA657618}"
EndProject
Project("{FAE04EC0-301F-11D3-BF4B-00C04F79EFBC}") = "MissCat3", "MissCat3\MissCat3.csproj", "{0853313E-A848-4E8B-9ABB-BF78DE4CE62D}"
EndProject
Project("{FAE04EC0-301F-11D3-BF4B-00C04F79EFBC}") = "NumberGame", "NumberGame\NumberGame.csproj", "{B1F1C366-25E0-412D-AA58-3A050664F97C}"
EndProject
Project("{FAE04EC0-301F-11D3-BF4B-00C04F79EFBC}") = "OddNumber", "OddNumber\OddNumber.csproj", "{8572E8AC-930C-4AF2-8ECF-1BCA4FB0E8C2}"
EndProject
Project("{FAE04EC0-301F-11D3-BF4B-00C04F79EFBC}") = "Poker", "Poker\Poker.csproj", "{C19F2B2C-F7A9-4045-A1D7-5E179C074422}"
EndProject
Project("{FAE04EC0-301F-11D3-BF4B-00C04F79EFBC}") = "SecretAlpha", "SecretAlpha\SecretAlpha.csproj", "{963B1E8C-5186-42B3-B1F4-8705FB91443E}"
EndProject
Project("{FAE04EC0-301F-11D3-BF4B-00C04F79EFBC}") = "Sevenland", "Sevenland\Sevenland.csproj", "{44024986-5604-4E47-9A58-95D3080C29F9}"
EndProject
Project("{FAE04EC0-301F-11D3-BF4B-00C04F79EFBC}") = "Sheets", "Sheets\Sheets.csproj", "{BC70BEE7-497D-4802-AB64-8E45E74E2E8E}"
EndProject
Project("{FAE04EC0-301F-11D3-BF4B-00C04F79EFBC}") = "Tribonacci", "Tribonacci\Tribonacci.csproj", "{0CF6D1A2-EE9A-42CA-87CD-E3102FB86061}"
EndProject
Project("{FAE04EC0-301F-11D3-BF4B-00C04F79EFBC}") = "TripleRotation", "TripleRotation\TripleRotation.csproj", "{8A422D45-4AE3-484C-A471-E91D44673867}"
EndProject
Project("{FAE04EC0-301F-11D3-BF4B-00C04F79EFBC}") = "WeAllLoveBits", "WeAllLoveBits\WeAllLoveBits.csproj", "{2449C067-E471-47D3-8C6B-4B4FB0E43EF1}"
EndProject
Project("{FAE04EC0-301F-11D3-BF4B-00C04F79EFBC}") = "ShipBombs", "ShipBombs\ShipBombs.csproj", "{9D1395AF-3EA3-4367-ABF4-BB63E1CD26D7}"
EndProject
Project("{FAE04EC0-301F-11D3-BF4B-00C04F79EFBC}") = "GoikoTower", "GoikoTower\GoikoTower.csproj", "{2D02EA6D-86D4-40AE-912B-51722545F174}"
EndProject
Global
	GlobalSection(SolutionConfigurationPlatforms) = preSolution
		Debug|Any CPU = Debug|Any CPU
		Release|Any CPU = Release|Any CPU
	EndGlobalSection
	GlobalSection(ProjectConfigurationPlatforms) = postSolution
		{1A83A989-BB4E-4A83-A235-5D9544EC01B4}.Debug|Any CPU.ActiveCfg = Debug|Any CPU
		{1A83A989-BB4E-4A83-A235-5D9544EC01B4}.Debug|Any CPU.Build.0 = Debug|Any CPU
		{1A83A989-BB4E-4A83-A235-5D9544EC01B4}.Release|Any CPU.ActiveCfg = Release|Any CPU
		{1A83A989-BB4E-4A83-A235-5D9544EC01B4}.Release|Any CPU.Build.0 = Release|Any CPU
		{E4173354-D2DB-48F1-BE28-AB4A51FD1633}.Debug|Any CPU.ActiveCfg = Debug|Any CPU
		{E4173354-D2DB-48F1-BE28-AB4A51FD1633}.Debug|Any CPU.Build.0 = Debug|Any CPU
		{E4173354-D2DB-48F1-BE28-AB4A51FD1633}.Release|Any CPU.ActiveCfg = Release|Any CPU
		{E4173354-D2DB-48F1-BE28-AB4A51FD1633}.Release|Any CPU.Build.0 = Release|Any CPU
		{6396DAC3-B228-426C-BD6D-68F5236A2DC9}.Debug|Any CPU.ActiveCfg = Debug|Any CPU
		{6396DAC3-B228-426C-BD6D-68F5236A2DC9}.Debug|Any CPU.Build.0 = Debug|Any CPU
		{6396DAC3-B228-426C-BD6D-68F5236A2DC9}.Release|Any CPU.ActiveCfg = Release|Any CPU
		{6396DAC3-B228-426C-BD6D-68F5236A2DC9}.Release|Any CPU.Build.0 = Release|Any CPU
		{BDDC7B1A-B0AE-477C-A555-CF81072DF383}.Debug|Any CPU.ActiveCfg = Debug|Any CPU
		{BDDC7B1A-B0AE-477C-A555-CF81072DF383}.Debug|Any CPU.Build.0 = Debug|Any CPU
		{BDDC7B1A-B0AE-477C-A555-CF81072DF383}.Release|Any CPU.ActiveCfg = Release|Any CPU
		{BDDC7B1A-B0AE-477C-A555-CF81072DF383}.Release|Any CPU.Build.0 = Release|Any CPU
		{0FD493A3-BBDB-4B11-9D76-9002220F8F79}.Debug|Any CPU.ActiveCfg = Debug|Any CPU
		{0FD493A3-BBDB-4B11-9D76-9002220F8F79}.Debug|Any CPU.Build.0 = Debug|Any CPU
		{0FD493A3-BBDB-4B11-9D76-9002220F8F79}.Release|Any CPU.ActiveCfg = Release|Any CPU
		{0FD493A3-BBDB-4B11-9D76-9002220F8F79}.Release|Any CPU.Build.0 = Release|Any CPU
		{D24E7722-FC9A-4DA4-B2B2-2315276FD167}.Debug|Any CPU.ActiveCfg = Debug|Any CPU
		{D24E7722-FC9A-4DA4-B2B2-2315276FD167}.Debug|Any CPU.Build.0 = Debug|Any CPU
		{D24E7722-FC9A-4DA4-B2B2-2315276FD167}.Release|Any CPU.ActiveCfg = Release|Any CPU
		{D24E7722-FC9A-4DA4-B2B2-2315276FD167}.Release|Any CPU.Build.0 = Release|Any CPU
		{A58F5B89-ED30-4C58-B1D2-EC1607AA31DF}.Debug|Any CPU.ActiveCfg = Debug|Any CPU
		{A58F5B89-ED30-4C58-B1D2-EC1607AA31DF}.Debug|Any CPU.Build.0 = Debug|Any CPU
		{A58F5B89-ED30-4C58-B1D2-EC1607AA31DF}.Release|Any CPU.ActiveCfg = Release|Any CPU
		{A58F5B89-ED30-4C58-B1D2-EC1607AA31DF}.Release|Any CPU.Build.0 = Release|Any CPU
		{06D4CCA7-E1E9-4EDB-B406-6EC97733760B}.Debug|Any CPU.ActiveCfg = Debug|Any CPU
		{06D4CCA7-E1E9-4EDB-B406-6EC97733760B}.Debug|Any CPU.Build.0 = Debug|Any CPU
		{06D4CCA7-E1E9-4EDB-B406-6EC97733760B}.Release|Any CPU.ActiveCfg = Release|Any CPU
		{06D4CCA7-E1E9-4EDB-B406-6EC97733760B}.Release|Any CPU.Build.0 = Release|Any CPU
		{DD8F1D38-BE45-467F-A6BA-7155F9E5A4A9}.Debug|Any CPU.ActiveCfg = Debug|Any CPU
		{DD8F1D38-BE45-467F-A6BA-7155F9E5A4A9}.Debug|Any CPU.Build.0 = Debug|Any CPU
		{DD8F1D38-BE45-467F-A6BA-7155F9E5A4A9}.Release|Any CPU.ActiveCfg = Release|Any CPU
		{DD8F1D38-BE45-467F-A6BA-7155F9E5A4A9}.Release|Any CPU.Build.0 = Release|Any CPU
		{09C0B1F9-C8E4-4ADF-ADC4-963AAF4E7011}.Debug|Any CPU.ActiveCfg = Debug|Any CPU
		{09C0B1F9-C8E4-4ADF-ADC4-963AAF4E7011}.Debug|Any CPU.Build.0 = Debug|Any CPU
		{09C0B1F9-C8E4-4ADF-ADC4-963AAF4E7011}.Release|Any CPU.ActiveCfg = Release|Any CPU
		{09C0B1F9-C8E4-4ADF-ADC4-963AAF4E7011}.Release|Any CPU.Build.0 = Release|Any CPU
		{77EBE7A7-FB2F-419D-A730-F6856FD81840}.Debug|Any CPU.ActiveCfg = Debug|Any CPU
		{77EBE7A7-FB2F-419D-A730-F6856FD81840}.Debug|Any CPU.Build.0 = Debug|Any CPU
		{77EBE7A7-FB2F-419D-A730-F6856FD81840}.Release|Any CPU.ActiveCfg = Release|Any CPU
		{77EBE7A7-FB2F-419D-A730-F6856FD81840}.Release|Any CPU.Build.0 = Release|Any CPU
		{7E90108C-5300-49B9-957A-6ABD35993BEB}.Debug|Any CPU.ActiveCfg = Debug|Any CPU
		{7E90108C-5300-49B9-957A-6ABD35993BEB}.Debug|Any CPU.Build.0 = Debug|Any CPU
		{7E90108C-5300-49B9-957A-6ABD35993BEB}.Release|Any CPU.ActiveCfg = Release|Any CPU
		{7E90108C-5300-49B9-957A-6ABD35993BEB}.Release|Any CPU.Build.0 = Release|Any CPU
		{D2208A3D-20E7-4BFB-A533-CF72FB58F45D}.Debug|Any CPU.ActiveCfg = Debug|Any CPU
		{D2208A3D-20E7-4BFB-A533-CF72FB58F45D}.Debug|Any CPU.Build.0 = Debug|Any CPU
		{D2208A3D-20E7-4BFB-A533-CF72FB58F45D}.Release|Any CPU.ActiveCfg = Release|Any CPU
		{D2208A3D-20E7-4BFB-A533-CF72FB58F45D}.Release|Any CPU.Build.0 = Release|Any CPU
		{287A6E92-02C6-4FA1-B201-A87C600AAF01}.Debug|Any CPU.ActiveCfg = Debug|Any CPU
		{287A6E92-02C6-4FA1-B201-A87C600AAF01}.Debug|Any CPU.Build.0 = Debug|Any CPU
		{287A6E92-02C6-4FA1-B201-A87C600AAF01}.Release|Any CPU.ActiveCfg = Release|Any CPU
		{287A6E92-02C6-4FA1-B201-A87C600AAF01}.Release|Any CPU.Build.0 = Release|Any CPU
		{1703AF70-A9FC-4342-B270-A49CC19CD680}.Debug|Any CPU.ActiveCfg = Debug|Any CPU
		{1703AF70-A9FC-4342-B270-A49CC19CD680}.Debug|Any CPU.Build.0 = Debug|Any CPU
		{1703AF70-A9FC-4342-B270-A49CC19CD680}.Release|Any CPU.ActiveCfg = Release|Any CPU
		{1703AF70-A9FC-4342-B270-A49CC19CD680}.Release|Any CPU.Build.0 = Release|Any CPU
		{5E13C032-195A-48B0-AFBA-4BA4AC9125D3}.Debug|Any CPU.ActiveCfg = Debug|Any CPU
		{5E13C032-195A-48B0-AFBA-4BA4AC9125D3}.Debug|Any CPU.Build.0 = Debug|Any CPU
		{5E13C032-195A-48B0-AFBA-4BA4AC9125D3}.Release|Any CPU.ActiveCfg = Release|Any CPU
		{5E13C032-195A-48B0-AFBA-4BA4AC9125D3}.Release|Any CPU.Build.0 = Release|Any CPU
		{3AA59737-D0CA-4318-B255-52C5BA657618}.Debug|Any CPU.ActiveCfg = Debug|Any CPU
		{3AA59737-D0CA-4318-B255-52C5BA657618}.Debug|Any CPU.Build.0 = Debug|Any CPU
		{3AA59737-D0CA-4318-B255-52C5BA657618}.Release|Any CPU.ActiveCfg = Release|Any CPU
		{3AA59737-D0CA-4318-B255-52C5BA657618}.Release|Any CPU.Build.0 = Release|Any CPU
		{0853313E-A848-4E8B-9ABB-BF78DE4CE62D}.Debug|Any CPU.ActiveCfg = Debug|Any CPU
		{0853313E-A848-4E8B-9ABB-BF78DE4CE62D}.Debug|Any CPU.Build.0 = Debug|Any CPU
		{0853313E-A848-4E8B-9ABB-BF78DE4CE62D}.Release|Any CPU.ActiveCfg = Release|Any CPU
		{0853313E-A848-4E8B-9ABB-BF78DE4CE62D}.Release|Any CPU.Build.0 = Release|Any CPU
		{B1F1C366-25E0-412D-AA58-3A050664F97C}.Debug|Any CPU.ActiveCfg = Debug|Any CPU
		{B1F1C366-25E0-412D-AA58-3A050664F97C}.Debug|Any CPU.Build.0 = Debug|Any CPU
		{B1F1C366-25E0-412D-AA58-3A050664F97C}.Release|Any CPU.ActiveCfg = Release|Any CPU
		{B1F1C366-25E0-412D-AA58-3A050664F97C}.Release|Any CPU.Build.0 = Release|Any CPU
		{8572E8AC-930C-4AF2-8ECF-1BCA4FB0E8C2}.Debug|Any CPU.ActiveCfg = Debug|Any CPU
		{8572E8AC-930C-4AF2-8ECF-1BCA4FB0E8C2}.Debug|Any CPU.Build.0 = Debug|Any CPU
		{8572E8AC-930C-4AF2-8ECF-1BCA4FB0E8C2}.Release|Any CPU.ActiveCfg = Release|Any CPU
		{8572E8AC-930C-4AF2-8ECF-1BCA4FB0E8C2}.Release|Any CPU.Build.0 = Release|Any CPU
		{C19F2B2C-F7A9-4045-A1D7-5E179C074422}.Debug|Any CPU.ActiveCfg = Debug|Any CPU
		{C19F2B2C-F7A9-4045-A1D7-5E179C074422}.Debug|Any CPU.Build.0 = Debug|Any CPU
		{C19F2B2C-F7A9-4045-A1D7-5E179C074422}.Release|Any CPU.ActiveCfg = Release|Any CPU
		{C19F2B2C-F7A9-4045-A1D7-5E179C074422}.Release|Any CPU.Build.0 = Release|Any CPU
		{963B1E8C-5186-42B3-B1F4-8705FB91443E}.Debug|Any CPU.ActiveCfg = Debug|Any CPU
		{963B1E8C-5186-42B3-B1F4-8705FB91443E}.Debug|Any CPU.Build.0 = Debug|Any CPU
		{963B1E8C-5186-42B3-B1F4-8705FB91443E}.Release|Any CPU.ActiveCfg = Release|Any CPU
		{963B1E8C-5186-42B3-B1F4-8705FB91443E}.Release|Any CPU.Build.0 = Release|Any CPU
		{44024986-5604-4E47-9A58-95D3080C29F9}.Debug|Any CPU.ActiveCfg = Debug|Any CPU
		{44024986-5604-4E47-9A58-95D3080C29F9}.Debug|Any CPU.Build.0 = Debug|Any CPU
		{44024986-5604-4E47-9A58-95D3080C29F9}.Release|Any CPU.ActiveCfg = Release|Any CPU
		{44024986-5604-4E47-9A58-95D3080C29F9}.Release|Any CPU.Build.0 = Release|Any CPU
		{BC70BEE7-497D-4802-AB64-8E45E74E2E8E}.Debug|Any CPU.ActiveCfg = Debug|Any CPU
		{BC70BEE7-497D-4802-AB64-8E45E74E2E8E}.Debug|Any CPU.Build.0 = Debug|Any CPU
		{BC70BEE7-497D-4802-AB64-8E45E74E2E8E}.Release|Any CPU.ActiveCfg = Release|Any CPU
		{BC70BEE7-497D-4802-AB64-8E45E74E2E8E}.Release|Any CPU.Build.0 = Release|Any CPU
		{0CF6D1A2-EE9A-42CA-87CD-E3102FB86061}.Debug|Any CPU.ActiveCfg = Debug|Any CPU
		{0CF6D1A2-EE9A-42CA-87CD-E3102FB86061}.Debug|Any CPU.Build.0 = Debug|Any CPU
		{0CF6D1A2-EE9A-42CA-87CD-E3102FB86061}.Release|Any CPU.ActiveCfg = Release|Any CPU
		{0CF6D1A2-EE9A-42CA-87CD-E3102FB86061}.Release|Any CPU.Build.0 = Release|Any CPU
		{8A422D45-4AE3-484C-A471-E91D44673867}.Debug|Any CPU.ActiveCfg = Debug|Any CPU
		{8A422D45-4AE3-484C-A471-E91D44673867}.Debug|Any CPU.Build.0 = Debug|Any CPU
		{8A422D45-4AE3-484C-A471-E91D44673867}.Release|Any CPU.ActiveCfg = Release|Any CPU
		{8A422D45-4AE3-484C-A471-E91D44673867}.Release|Any CPU.Build.0 = Release|Any CPU
		{2449C067-E471-47D3-8C6B-4B4FB0E43EF1}.Debug|Any CPU.ActiveCfg = Debug|Any CPU
		{2449C067-E471-47D3-8C6B-4B4FB0E43EF1}.Debug|Any CPU.Build.0 = Debug|Any CPU
		{2449C067-E471-47D3-8C6B-4B4FB0E43EF1}.Release|Any CPU.ActiveCfg = Release|Any CPU
		{2449C067-E471-47D3-8C6B-4B4FB0E43EF1}.Release|Any CPU.Build.0 = Release|Any CPU
		{9D1395AF-3EA3-4367-ABF4-BB63E1CD26D7}.Debug|Any CPU.ActiveCfg = Debug|Any CPU
		{9D1395AF-3EA3-4367-ABF4-BB63E1CD26D7}.Debug|Any CPU.Build.0 = Debug|Any CPU
		{9D1395AF-3EA3-4367-ABF4-BB63E1CD26D7}.Release|Any CPU.ActiveCfg = Release|Any CPU
		{9D1395AF-3EA3-4367-ABF4-BB63E1CD26D7}.Release|Any CPU.Build.0 = Release|Any CPU
		{2D02EA6D-86D4-40AE-912B-51722545F174}.Debug|Any CPU.ActiveCfg = Debug|Any CPU
		{2D02EA6D-86D4-40AE-912B-51722545F174}.Debug|Any CPU.Build.0 = Debug|Any CPU
		{2D02EA6D-86D4-40AE-912B-51722545F174}.Release|Any CPU.ActiveCfg = Release|Any CPU
		{2D02EA6D-86D4-40AE-912B-51722545F174}.Release|Any CPU.Build.0 = Release|Any CPU
	EndGlobalSection
	GlobalSection(SolutionProperties) = preSolution
		HideSolutionNode = FALSE
	EndGlobalSection
EndGlobal
