
Microsoft Visual Studio Solution File, Format Version 12.00
# Visual Studio 2013
VisualStudioVersion = 12.0.40629.0
MinimumVisualStudioVersion = 10.0.40219.1
Project("{2150E333-8FDC-42A3-9474-1A3956D46DE8}") = "Server", "Server", "{5B511991-5F01-41B9-B8FB-86CDF03F6DE0}"
EndProject
Project("{FAE04EC0-301F-11D3-BF4B-00C04F79EFBC}") = "SourceControlSystem.Api", "Server\SourceControlSystem.Api\SourceControlSystem.Api.csproj", "{AE9D423F-6942-4A9C-A9E1-8A16B45F8BE0}"
EndProject
Project("{2150E333-8FDC-42A3-9474-1A3956D46DE8}") = "Data", "Data", "{E69711AD-42CA-4533-824E-77A2EC036356}"
EndProject
Project("{FAE04EC0-301F-11D3-BF4B-00C04F79EFBC}") = "SourceControlSystem.Models", "Data\SourceControlSystem.Models\SourceControlSystem.Models.csproj", "{BB2F0A82-0A8C-4B6F-B46B-59B11DD62E20}"
EndProject
Project("{FAE04EC0-301F-11D3-BF4B-00C04F79EFBC}") = "SourceControlSystem.Data", "Data\SourceControlSystem.Data\SourceControlSystem.Data.csproj", "{87522707-13CE-48DC-9358-8E6AB5D244B1}"
EndProject
Global
	GlobalSection(SolutionConfigurationPlatforms) = preSolution
		Debug|Any CPU = Debug|Any CPU
		Release|Any CPU = Release|Any CPU
	EndGlobalSection
	GlobalSection(ProjectConfigurationPlatforms) = postSolution
		{AE9D423F-6942-4A9C-A9E1-8A16B45F8BE0}.Debug|Any CPU.ActiveCfg = Debug|Any CPU
		{AE9D423F-6942-4A9C-A9E1-8A16B45F8BE0}.Debug|Any CPU.Build.0 = Debug|Any CPU
		{AE9D423F-6942-4A9C-A9E1-8A16B45F8BE0}.Release|Any CPU.ActiveCfg = Release|Any CPU
		{AE9D423F-6942-4A9C-A9E1-8A16B45F8BE0}.Release|Any CPU.Build.0 = Release|Any CPU
		{BB2F0A82-0A8C-4B6F-B46B-59B11DD62E20}.Debug|Any CPU.ActiveCfg = Debug|Any CPU
		{BB2F0A82-0A8C-4B6F-B46B-59B11DD62E20}.Debug|Any CPU.Build.0 = Debug|Any CPU
		{BB2F0A82-0A8C-4B6F-B46B-59B11DD62E20}.Release|Any CPU.ActiveCfg = Release|Any CPU
		{BB2F0A82-0A8C-4B6F-B46B-59B11DD62E20}.Release|Any CPU.Build.0 = Release|Any CPU
		{87522707-13CE-48DC-9358-8E6AB5D244B1}.Debug|Any CPU.ActiveCfg = Debug|Any CPU
		{87522707-13CE-48DC-9358-8E6AB5D244B1}.Debug|Any CPU.Build.0 = Debug|Any CPU
		{87522707-13CE-48DC-9358-8E6AB5D244B1}.Release|Any CPU.ActiveCfg = Release|Any CPU
		{87522707-13CE-48DC-9358-8E6AB5D244B1}.Release|Any CPU.Build.0 = Release|Any CPU
	EndGlobalSection
	GlobalSection(SolutionProperties) = preSolution
		HideSolutionNode = FALSE
	EndGlobalSection
	GlobalSection(NestedProjects) = preSolution
		{AE9D423F-6942-4A9C-A9E1-8A16B45F8BE0} = {5B511991-5F01-41B9-B8FB-86CDF03F6DE0}
		{BB2F0A82-0A8C-4B6F-B46B-59B11DD62E20} = {E69711AD-42CA-4533-824E-77A2EC036356}
		{87522707-13CE-48DC-9358-8E6AB5D244B1} = {E69711AD-42CA-4533-824E-77A2EC036356}
	EndGlobalSection
EndGlobal
