
Microsoft Visual Studio Solution File, Format Version 12.00
# Visual Studio 2013
VisualStudioVersion = 12.0.21005.1
MinimumVisualStudioVersion = 10.0.40219.1
Project("{FAE04EC0-301F-11D3-BF4B-00C04F79EFBC}") = "AcademyTasks", "AcademyTasks\AcademyTasks.csproj", "{9F3F317D-9FBE-4ADF-85D0-7E6021642CEE}"
EndProject
Project("{FAE04EC0-301F-11D3-BF4B-00C04F79EFBC}") = "Zerggg", "Zerggg\Zerggg.csproj", "{CF720145-BEB4-4782-8D02-F289D0E3A5C9}"
EndProject
Project("{FAE04EC0-301F-11D3-BF4B-00C04F79EFBC}") = "MovingLetters", "MovingLetters\MovingLetters.csproj", "{B0E1723C-35A2-42A3-A6B1-B9B055652A1C}"
EndProject
Project("{FAE04EC0-301F-11D3-BF4B-00C04F79EFBC}") = "TheyAreGreen", "TheyAreGreen\TheyAreGreen.csproj", "{35A04F37-CD7D-45C3-82A5-FE3B6E3A3B74}"
EndProject
Project("{FAE04EC0-301F-11D3-BF4B-00C04F79EFBC}") = "PermutationExample", "PermutationExample\PermutationExample.csproj", "{249D1DC6-00C1-4ABE-B7C7-BBAA37D55000}"
EndProject
Project("{FAE04EC0-301F-11D3-BF4B-00C04F79EFBC}") = "Trails3D", "Trails3D\Trails3D.csproj", "{A718040A-78FC-4E08-B2C7-AB45A70D1D7B}"
EndProject
Project("{FAE04EC0-301F-11D3-BF4B-00C04F79EFBC}") = "StrangeLandNumbers", "StrangeLandNumbers\StrangeLandNumbers.csproj", "{34BA109C-6B8F-4E54-A5CE-924418C1FEAB}"
EndProject
Project("{FAE04EC0-301F-11D3-BF4B-00C04F79EFBC}") = "TwoGirlsOnePath", "TwoGirlsOnePath\TwoGirlsOnePath.csproj", "{CB6C5EBF-45A0-4ECA-8D97-63F456E86A57}"
EndProject
Project("{FAE04EC0-301F-11D3-BF4B-00C04F79EFBC}") = "Digits", "Digits\Digits.csproj", "{BA0EF7C4-9C78-4CC0-8031-49B9552A1094}"
EndProject
Project("{FAE04EC0-301F-11D3-BF4B-00C04F79EFBC}") = "RelevanceIndex", "RelevanceIndex\RelevanceIndex.csproj", "{BC507BE0-479B-4468-98A1-8B09DACD8A45}"
EndProject
Project("{FAE04EC0-301F-11D3-BF4B-00C04F79EFBC}") = "TRES4Numbers", "TRES4Numbers\TRES4Numbers.csproj", "{E1173D59-2472-4A30-9C04-07CFE9A1CFDC}"
EndProject
Project("{FAE04EC0-301F-11D3-BF4B-00C04F79EFBC}") = "BunnyFactory", "BunnyFactory\BunnyFactory.csproj", "{4A3F8C80-46F3-4294-9E76-80FA4698A0E7}"
EndProject
Project("{FAE04EC0-301F-11D3-BF4B-00C04F79EFBC}") = "VariableLengthCodes", "VariableLengthCodes\VariableLengthCodes.csproj", "{4A887E0A-A496-437B-9232-CCFBFAEC01FB}"
EndProject
Project("{FAE04EC0-301F-11D3-BF4B-00C04F79EFBC}") = "Patterns", "Patterns\Patterns.csproj", "{030CFBAB-F9A1-4EAB-9844-93E5A2642E24}"
EndProject
Global
	GlobalSection(SolutionConfigurationPlatforms) = preSolution
		Debug|Any CPU = Debug|Any CPU
		Release|Any CPU = Release|Any CPU
	EndGlobalSection
	GlobalSection(ProjectConfigurationPlatforms) = postSolution
		{9F3F317D-9FBE-4ADF-85D0-7E6021642CEE}.Debug|Any CPU.ActiveCfg = Debug|Any CPU
		{9F3F317D-9FBE-4ADF-85D0-7E6021642CEE}.Debug|Any CPU.Build.0 = Debug|Any CPU
		{9F3F317D-9FBE-4ADF-85D0-7E6021642CEE}.Release|Any CPU.ActiveCfg = Release|Any CPU
		{9F3F317D-9FBE-4ADF-85D0-7E6021642CEE}.Release|Any CPU.Build.0 = Release|Any CPU
		{CF720145-BEB4-4782-8D02-F289D0E3A5C9}.Debug|Any CPU.ActiveCfg = Debug|Any CPU
		{CF720145-BEB4-4782-8D02-F289D0E3A5C9}.Debug|Any CPU.Build.0 = Debug|Any CPU
		{CF720145-BEB4-4782-8D02-F289D0E3A5C9}.Release|Any CPU.ActiveCfg = Release|Any CPU
		{CF720145-BEB4-4782-8D02-F289D0E3A5C9}.Release|Any CPU.Build.0 = Release|Any CPU
		{B0E1723C-35A2-42A3-A6B1-B9B055652A1C}.Debug|Any CPU.ActiveCfg = Debug|Any CPU
		{B0E1723C-35A2-42A3-A6B1-B9B055652A1C}.Debug|Any CPU.Build.0 = Debug|Any CPU
		{B0E1723C-35A2-42A3-A6B1-B9B055652A1C}.Release|Any CPU.ActiveCfg = Release|Any CPU
		{B0E1723C-35A2-42A3-A6B1-B9B055652A1C}.Release|Any CPU.Build.0 = Release|Any CPU
		{35A04F37-CD7D-45C3-82A5-FE3B6E3A3B74}.Debug|Any CPU.ActiveCfg = Debug|Any CPU
		{35A04F37-CD7D-45C3-82A5-FE3B6E3A3B74}.Debug|Any CPU.Build.0 = Debug|Any CPU
		{35A04F37-CD7D-45C3-82A5-FE3B6E3A3B74}.Release|Any CPU.ActiveCfg = Release|Any CPU
		{35A04F37-CD7D-45C3-82A5-FE3B6E3A3B74}.Release|Any CPU.Build.0 = Release|Any CPU
		{249D1DC6-00C1-4ABE-B7C7-BBAA37D55000}.Debug|Any CPU.ActiveCfg = Debug|Any CPU
		{249D1DC6-00C1-4ABE-B7C7-BBAA37D55000}.Debug|Any CPU.Build.0 = Debug|Any CPU
		{249D1DC6-00C1-4ABE-B7C7-BBAA37D55000}.Release|Any CPU.ActiveCfg = Release|Any CPU
		{249D1DC6-00C1-4ABE-B7C7-BBAA37D55000}.Release|Any CPU.Build.0 = Release|Any CPU
		{A718040A-78FC-4E08-B2C7-AB45A70D1D7B}.Debug|Any CPU.ActiveCfg = Debug|Any CPU
		{A718040A-78FC-4E08-B2C7-AB45A70D1D7B}.Debug|Any CPU.Build.0 = Debug|Any CPU
		{A718040A-78FC-4E08-B2C7-AB45A70D1D7B}.Release|Any CPU.ActiveCfg = Release|Any CPU
		{A718040A-78FC-4E08-B2C7-AB45A70D1D7B}.Release|Any CPU.Build.0 = Release|Any CPU
		{34BA109C-6B8F-4E54-A5CE-924418C1FEAB}.Debug|Any CPU.ActiveCfg = Debug|Any CPU
		{34BA109C-6B8F-4E54-A5CE-924418C1FEAB}.Debug|Any CPU.Build.0 = Debug|Any CPU
		{34BA109C-6B8F-4E54-A5CE-924418C1FEAB}.Release|Any CPU.ActiveCfg = Release|Any CPU
		{34BA109C-6B8F-4E54-A5CE-924418C1FEAB}.Release|Any CPU.Build.0 = Release|Any CPU
		{CB6C5EBF-45A0-4ECA-8D97-63F456E86A57}.Debug|Any CPU.ActiveCfg = Debug|Any CPU
		{CB6C5EBF-45A0-4ECA-8D97-63F456E86A57}.Debug|Any CPU.Build.0 = Debug|Any CPU
		{CB6C5EBF-45A0-4ECA-8D97-63F456E86A57}.Release|Any CPU.ActiveCfg = Release|Any CPU
		{CB6C5EBF-45A0-4ECA-8D97-63F456E86A57}.Release|Any CPU.Build.0 = Release|Any CPU
		{BA0EF7C4-9C78-4CC0-8031-49B9552A1094}.Debug|Any CPU.ActiveCfg = Debug|Any CPU
		{BA0EF7C4-9C78-4CC0-8031-49B9552A1094}.Debug|Any CPU.Build.0 = Debug|Any CPU
		{BA0EF7C4-9C78-4CC0-8031-49B9552A1094}.Release|Any CPU.ActiveCfg = Release|Any CPU
		{BA0EF7C4-9C78-4CC0-8031-49B9552A1094}.Release|Any CPU.Build.0 = Release|Any CPU
		{BC507BE0-479B-4468-98A1-8B09DACD8A45}.Debug|Any CPU.ActiveCfg = Debug|Any CPU
		{BC507BE0-479B-4468-98A1-8B09DACD8A45}.Debug|Any CPU.Build.0 = Debug|Any CPU
		{BC507BE0-479B-4468-98A1-8B09DACD8A45}.Release|Any CPU.ActiveCfg = Release|Any CPU
		{BC507BE0-479B-4468-98A1-8B09DACD8A45}.Release|Any CPU.Build.0 = Release|Any CPU
		{E1173D59-2472-4A30-9C04-07CFE9A1CFDC}.Debug|Any CPU.ActiveCfg = Debug|Any CPU
		{E1173D59-2472-4A30-9C04-07CFE9A1CFDC}.Debug|Any CPU.Build.0 = Debug|Any CPU
		{E1173D59-2472-4A30-9C04-07CFE9A1CFDC}.Release|Any CPU.ActiveCfg = Release|Any CPU
		{E1173D59-2472-4A30-9C04-07CFE9A1CFDC}.Release|Any CPU.Build.0 = Release|Any CPU
		{4A3F8C80-46F3-4294-9E76-80FA4698A0E7}.Debug|Any CPU.ActiveCfg = Debug|Any CPU
		{4A3F8C80-46F3-4294-9E76-80FA4698A0E7}.Debug|Any CPU.Build.0 = Debug|Any CPU
		{4A3F8C80-46F3-4294-9E76-80FA4698A0E7}.Release|Any CPU.ActiveCfg = Release|Any CPU
		{4A3F8C80-46F3-4294-9E76-80FA4698A0E7}.Release|Any CPU.Build.0 = Release|Any CPU
		{4A887E0A-A496-437B-9232-CCFBFAEC01FB}.Debug|Any CPU.ActiveCfg = Debug|Any CPU
		{4A887E0A-A496-437B-9232-CCFBFAEC01FB}.Debug|Any CPU.Build.0 = Debug|Any CPU
		{4A887E0A-A496-437B-9232-CCFBFAEC01FB}.Release|Any CPU.ActiveCfg = Release|Any CPU
		{4A887E0A-A496-437B-9232-CCFBFAEC01FB}.Release|Any CPU.Build.0 = Release|Any CPU
		{030CFBAB-F9A1-4EAB-9844-93E5A2642E24}.Debug|Any CPU.ActiveCfg = Debug|Any CPU
		{030CFBAB-F9A1-4EAB-9844-93E5A2642E24}.Debug|Any CPU.Build.0 = Debug|Any CPU
		{030CFBAB-F9A1-4EAB-9844-93E5A2642E24}.Release|Any CPU.ActiveCfg = Release|Any CPU
		{030CFBAB-F9A1-4EAB-9844-93E5A2642E24}.Release|Any CPU.Build.0 = Release|Any CPU
	EndGlobalSection
	GlobalSection(SolutionProperties) = preSolution
		HideSolutionNode = FALSE
	EndGlobalSection
EndGlobal
