
Microsoft Visual Studio Solution File, Format Version 12.00
# Visual Studio 2013
VisualStudioVersion = 12.0.40629.0
MinimumVisualStudioVersion = 10.0.40219.1
Project("{FAE04EC0-301F-11D3-BF4B-00C04F79EFBC}") = "SupermarketQueue", "SupermarketQueue\SupermarketQueue.csproj", "{3491165A-E3ED-4EE8-8709-5F590B9442D0}"
EndProject
Project("{FAE04EC0-301F-11D3-BF4B-00C04F79EFBC}") = "ShoppingCenter", "ShoppingCenter\ShoppingCenter.csproj", "{6466BB4D-7237-43E4-8724-036107C60F68}"
EndProject
Project("{FAE04EC0-301F-11D3-BF4B-00C04F79EFBC}") = "ExampleSolution", "ConsoleApplication1\ExampleSolution.csproj", "{635EA8A2-B457-45D4-A5A4-A34C863F0481}"
EndProject
Project("{FAE04EC0-301F-11D3-BF4B-00C04F79EFBC}") = "OnlineMarket", "..\DSA2014Exam\DSA2014\OnlineMarket\OnlineMarket.csproj", "{B1032833-D5FA-42D5-AEC9-D18D12A21AA7}"
EndProject
Project("{FAE04EC0-301F-11D3-BF4B-00C04F79EFBC}") = "StringHashFindLongest", "StringHashFindLongest\StringHashFindLongest.csproj", "{052B88E6-0F60-480B-8741-FE6B514AFA5E}"
EndProject
Project("{FAE04EC0-301F-11D3-BF4B-00C04F79EFBC}") = "PriorityQueueWithHeap", "PriorityQueueWithHeap\PriorityQueueWithHeap.csproj", "{EA9FA78B-6E40-43D5-962B-A9EBC6F586A7}"
EndProject
Project("{FAE04EC0-301F-11D3-BF4B-00C04F79EFBC}") = "UnitsOfWorkExam", "UnitsOfWorkExam\UnitsOfWorkExam.csproj", "{C4232F12-D21A-4C6A-B410-9E82C95FB15C}"
EndProject
Project("{FAE04EC0-301F-11D3-BF4B-00C04F79EFBC}") = "WordsDSAExam", "WordsDSAExam\WordsDSAExam.csproj", "{D7951B5A-65FE-4E99-A003-4BBEA5A55C62}"
EndProject
Project("{FAE04EC0-301F-11D3-BF4B-00C04F79EFBC}") = "BoxFullOfBalls", "BoxFullOfBalls\BoxFullOfBalls.csproj", "{5F47BAB1-EB6E-4408-ADE0-84742D3EC5BC}"
EndProject
Project("{FAE04EC0-301F-11D3-BF4B-00C04F79EFBC}") = "PeshoCheat", "PeshoCheat\PeshoCheat.csproj", "{7CF7106B-0209-48BC-AAFB-F6763318B3AB}"
EndProject
Global
	GlobalSection(SolutionConfigurationPlatforms) = preSolution
		Debug|Any CPU = Debug|Any CPU
		Release|Any CPU = Release|Any CPU
	EndGlobalSection
	GlobalSection(ProjectConfigurationPlatforms) = postSolution
		{3491165A-E3ED-4EE8-8709-5F590B9442D0}.Debug|Any CPU.ActiveCfg = Debug|Any CPU
		{3491165A-E3ED-4EE8-8709-5F590B9442D0}.Debug|Any CPU.Build.0 = Debug|Any CPU
		{3491165A-E3ED-4EE8-8709-5F590B9442D0}.Release|Any CPU.ActiveCfg = Release|Any CPU
		{3491165A-E3ED-4EE8-8709-5F590B9442D0}.Release|Any CPU.Build.0 = Release|Any CPU
		{6466BB4D-7237-43E4-8724-036107C60F68}.Debug|Any CPU.ActiveCfg = Debug|Any CPU
		{6466BB4D-7237-43E4-8724-036107C60F68}.Debug|Any CPU.Build.0 = Debug|Any CPU
		{6466BB4D-7237-43E4-8724-036107C60F68}.Release|Any CPU.ActiveCfg = Release|Any CPU
		{6466BB4D-7237-43E4-8724-036107C60F68}.Release|Any CPU.Build.0 = Release|Any CPU
		{635EA8A2-B457-45D4-A5A4-A34C863F0481}.Debug|Any CPU.ActiveCfg = Debug|Any CPU
		{635EA8A2-B457-45D4-A5A4-A34C863F0481}.Debug|Any CPU.Build.0 = Debug|Any CPU
		{635EA8A2-B457-45D4-A5A4-A34C863F0481}.Release|Any CPU.ActiveCfg = Release|Any CPU
		{635EA8A2-B457-45D4-A5A4-A34C863F0481}.Release|Any CPU.Build.0 = Release|Any CPU
		{B1032833-D5FA-42D5-AEC9-D18D12A21AA7}.Debug|Any CPU.ActiveCfg = Debug|Any CPU
		{B1032833-D5FA-42D5-AEC9-D18D12A21AA7}.Debug|Any CPU.Build.0 = Debug|Any CPU
		{B1032833-D5FA-42D5-AEC9-D18D12A21AA7}.Release|Any CPU.ActiveCfg = Release|Any CPU
		{B1032833-D5FA-42D5-AEC9-D18D12A21AA7}.Release|Any CPU.Build.0 = Release|Any CPU
		{052B88E6-0F60-480B-8741-FE6B514AFA5E}.Debug|Any CPU.ActiveCfg = Debug|Any CPU
		{052B88E6-0F60-480B-8741-FE6B514AFA5E}.Debug|Any CPU.Build.0 = Debug|Any CPU
		{052B88E6-0F60-480B-8741-FE6B514AFA5E}.Release|Any CPU.ActiveCfg = Release|Any CPU
		{052B88E6-0F60-480B-8741-FE6B514AFA5E}.Release|Any CPU.Build.0 = Release|Any CPU
		{EA9FA78B-6E40-43D5-962B-A9EBC6F586A7}.Debug|Any CPU.ActiveCfg = Debug|Any CPU
		{EA9FA78B-6E40-43D5-962B-A9EBC6F586A7}.Debug|Any CPU.Build.0 = Debug|Any CPU
		{EA9FA78B-6E40-43D5-962B-A9EBC6F586A7}.Release|Any CPU.ActiveCfg = Release|Any CPU
		{EA9FA78B-6E40-43D5-962B-A9EBC6F586A7}.Release|Any CPU.Build.0 = Release|Any CPU
		{C4232F12-D21A-4C6A-B410-9E82C95FB15C}.Debug|Any CPU.ActiveCfg = Debug|Any CPU
		{C4232F12-D21A-4C6A-B410-9E82C95FB15C}.Debug|Any CPU.Build.0 = Debug|Any CPU
		{C4232F12-D21A-4C6A-B410-9E82C95FB15C}.Release|Any CPU.ActiveCfg = Release|Any CPU
		{C4232F12-D21A-4C6A-B410-9E82C95FB15C}.Release|Any CPU.Build.0 = Release|Any CPU
		{D7951B5A-65FE-4E99-A003-4BBEA5A55C62}.Debug|Any CPU.ActiveCfg = Debug|Any CPU
		{D7951B5A-65FE-4E99-A003-4BBEA5A55C62}.Debug|Any CPU.Build.0 = Debug|Any CPU
		{D7951B5A-65FE-4E99-A003-4BBEA5A55C62}.Release|Any CPU.ActiveCfg = Release|Any CPU
		{D7951B5A-65FE-4E99-A003-4BBEA5A55C62}.Release|Any CPU.Build.0 = Release|Any CPU
		{5F47BAB1-EB6E-4408-ADE0-84742D3EC5BC}.Debug|Any CPU.ActiveCfg = Debug|Any CPU
		{5F47BAB1-EB6E-4408-ADE0-84742D3EC5BC}.Debug|Any CPU.Build.0 = Debug|Any CPU
		{5F47BAB1-EB6E-4408-ADE0-84742D3EC5BC}.Release|Any CPU.ActiveCfg = Release|Any CPU
		{5F47BAB1-EB6E-4408-ADE0-84742D3EC5BC}.Release|Any CPU.Build.0 = Release|Any CPU
		{7CF7106B-0209-48BC-AAFB-F6763318B3AB}.Debug|Any CPU.ActiveCfg = Debug|Any CPU
		{7CF7106B-0209-48BC-AAFB-F6763318B3AB}.Debug|Any CPU.Build.0 = Debug|Any CPU
		{7CF7106B-0209-48BC-AAFB-F6763318B3AB}.Release|Any CPU.ActiveCfg = Release|Any CPU
		{7CF7106B-0209-48BC-AAFB-F6763318B3AB}.Release|Any CPU.Build.0 = Release|Any CPU
	EndGlobalSection
	GlobalSection(SolutionProperties) = preSolution
		HideSolutionNode = FALSE
	EndGlobalSection
EndGlobal
