
Microsoft Visual Studio Solution File, Format Version 12.00
# Visual Studio 2013
VisualStudioVersion = 12.0.21005.1
MinimumVisualStudioVersion = 10.0.40219.1
Project("{FAE04EC0-301F-11D3-BF4B-00C04F79EFBC}") = "Task6StringLength", "Task6StringLength\Task6StringLength.csproj", "{B5825B54-D530-42C4-95AD-CBDE190F9ED1}"
EndProject
Project("{FAE04EC0-301F-11D3-BF4B-00C04F79EFBC}") = "Task7EncodeDecode", "Task7EncodeDecode\Task7EncodeDecode.csproj", "{B7D1D787-414E-41B6-8E8D-2A4427D3469B}"
EndProject
Project("{FAE04EC0-301F-11D3-BF4B-00C04F79EFBC}") = "Task8ExtractSentences", "Task8ExtractSentences\Task8ExtractSentences.csproj", "{378D2348-A47A-4EF6-9784-0C4CD8C715DE}"
EndProject
Project("{FAE04EC0-301F-11D3-BF4B-00C04F79EFBC}") = "Task12ParseURl", "Task12ParseURl\Task12ParseURl.csproj", "{A6726A5B-B457-432E-A427-3254F1B67BB3}"
EndProject
Project("{FAE04EC0-301F-11D3-BF4B-00C04F79EFBC}") = "Task13ReverseSentence", "Task13ReverseSentence\Task13ReverseSentence.csproj", "{587FF5E9-9D37-4271-8D96-57DDBC4F2C69}"
EndProject
Project("{FAE04EC0-301F-11D3-BF4B-00C04F79EFBC}") = "Task15ReplaceTags", "Task15ReplaceTags\Task15ReplaceTags.csproj", "{A371A4F5-9A5E-48CC-9F2C-24CA0E442F5D}"
EndProject
Project("{FAE04EC0-301F-11D3-BF4B-00C04F79EFBC}") = "Task16DateDifference", "Task16DateDifference\Task16DateDifference.csproj", "{0EB5E1A8-BF0D-457B-861E-3AE02D78BD95}"
EndProject
Project("{FAE04EC0-301F-11D3-BF4B-00C04F79EFBC}") = "Task17DateInBulgarian", "Task17DateInBulgarian\Task17DateInBulgarian.csproj", "{E6C37306-8FFD-4C64-83B0-738717364E88}"
EndProject
Global
	GlobalSection(SolutionConfigurationPlatforms) = preSolution
		Debug|Any CPU = Debug|Any CPU
		Release|Any CPU = Release|Any CPU
	EndGlobalSection
	GlobalSection(ProjectConfigurationPlatforms) = postSolution
		{B5825B54-D530-42C4-95AD-CBDE190F9ED1}.Debug|Any CPU.ActiveCfg = Debug|Any CPU
		{B5825B54-D530-42C4-95AD-CBDE190F9ED1}.Debug|Any CPU.Build.0 = Debug|Any CPU
		{B5825B54-D530-42C4-95AD-CBDE190F9ED1}.Release|Any CPU.ActiveCfg = Release|Any CPU
		{B5825B54-D530-42C4-95AD-CBDE190F9ED1}.Release|Any CPU.Build.0 = Release|Any CPU
		{B7D1D787-414E-41B6-8E8D-2A4427D3469B}.Debug|Any CPU.ActiveCfg = Debug|Any CPU
		{B7D1D787-414E-41B6-8E8D-2A4427D3469B}.Debug|Any CPU.Build.0 = Debug|Any CPU
		{B7D1D787-414E-41B6-8E8D-2A4427D3469B}.Release|Any CPU.ActiveCfg = Release|Any CPU
		{B7D1D787-414E-41B6-8E8D-2A4427D3469B}.Release|Any CPU.Build.0 = Release|Any CPU
		{378D2348-A47A-4EF6-9784-0C4CD8C715DE}.Debug|Any CPU.ActiveCfg = Debug|Any CPU
		{378D2348-A47A-4EF6-9784-0C4CD8C715DE}.Debug|Any CPU.Build.0 = Debug|Any CPU
		{378D2348-A47A-4EF6-9784-0C4CD8C715DE}.Release|Any CPU.ActiveCfg = Release|Any CPU
		{378D2348-A47A-4EF6-9784-0C4CD8C715DE}.Release|Any CPU.Build.0 = Release|Any CPU
		{A6726A5B-B457-432E-A427-3254F1B67BB3}.Debug|Any CPU.ActiveCfg = Debug|Any CPU
		{A6726A5B-B457-432E-A427-3254F1B67BB3}.Debug|Any CPU.Build.0 = Debug|Any CPU
		{A6726A5B-B457-432E-A427-3254F1B67BB3}.Release|Any CPU.ActiveCfg = Release|Any CPU
		{A6726A5B-B457-432E-A427-3254F1B67BB3}.Release|Any CPU.Build.0 = Release|Any CPU
		{587FF5E9-9D37-4271-8D96-57DDBC4F2C69}.Debug|Any CPU.ActiveCfg = Debug|Any CPU
		{587FF5E9-9D37-4271-8D96-57DDBC4F2C69}.Debug|Any CPU.Build.0 = Debug|Any CPU
		{587FF5E9-9D37-4271-8D96-57DDBC4F2C69}.Release|Any CPU.ActiveCfg = Release|Any CPU
		{587FF5E9-9D37-4271-8D96-57DDBC4F2C69}.Release|Any CPU.Build.0 = Release|Any CPU
		{A371A4F5-9A5E-48CC-9F2C-24CA0E442F5D}.Debug|Any CPU.ActiveCfg = Debug|Any CPU
		{A371A4F5-9A5E-48CC-9F2C-24CA0E442F5D}.Debug|Any CPU.Build.0 = Debug|Any CPU
		{A371A4F5-9A5E-48CC-9F2C-24CA0E442F5D}.Release|Any CPU.ActiveCfg = Release|Any CPU
		{A371A4F5-9A5E-48CC-9F2C-24CA0E442F5D}.Release|Any CPU.Build.0 = Release|Any CPU
		{0EB5E1A8-BF0D-457B-861E-3AE02D78BD95}.Debug|Any CPU.ActiveCfg = Debug|Any CPU
		{0EB5E1A8-BF0D-457B-861E-3AE02D78BD95}.Debug|Any CPU.Build.0 = Debug|Any CPU
		{0EB5E1A8-BF0D-457B-861E-3AE02D78BD95}.Release|Any CPU.ActiveCfg = Release|Any CPU
		{0EB5E1A8-BF0D-457B-861E-3AE02D78BD95}.Release|Any CPU.Build.0 = Release|Any CPU
		{E6C37306-8FFD-4C64-83B0-738717364E88}.Debug|Any CPU.ActiveCfg = Debug|Any CPU
		{E6C37306-8FFD-4C64-83B0-738717364E88}.Debug|Any CPU.Build.0 = Debug|Any CPU
		{E6C37306-8FFD-4C64-83B0-738717364E88}.Release|Any CPU.ActiveCfg = Release|Any CPU
		{E6C37306-8FFD-4C64-83B0-738717364E88}.Release|Any CPU.Build.0 = Release|Any CPU
	EndGlobalSection
	GlobalSection(SolutionProperties) = preSolution
		HideSolutionNode = FALSE
	EndGlobalSection
EndGlobal
